
Microsoft Visual Studio Solution File, Format Version 12.00
# Visual Studio 15
VisualStudioVersion = 15.0.27130.2027
MinimumVisualStudioVersion = 10.0.40219.1
Project("{FAE04EC0-301F-11D3-BF4B-00C04F79EFBC}") = "Books.Web", "Books.Web\Books.Web.csproj", "{B0F08061-9904-416E-929A-D2E36ECD08AF}"
EndProject
Project("{FAE04EC0-301F-11D3-BF4B-00C04F79EFBC}") = "Books.Entities", "Books.Entities\Books.Entities.csproj", "{947E5A1F-683D-46A4-99BA-54392525598B}"
EndProject
Global
	GlobalSection(SolutionConfigurationPlatforms) = preSolution
		Debug|Any CPU = Debug|Any CPU
		Release|Any CPU = Release|Any CPU
	EndGlobalSection
	GlobalSection(ProjectConfigurationPlatforms) = postSolution
		{B0F08061-9904-416E-929A-D2E36ECD08AF}.Debug|Any CPU.ActiveCfg = Debug|Any CPU
		{B0F08061-9904-416E-929A-D2E36ECD08AF}.Debug|Any CPU.Build.0 = Debug|Any CPU
		{B0F08061-9904-416E-929A-D2E36ECD08AF}.Release|Any CPU.ActiveCfg = Release|Any CPU
		{B0F08061-9904-416E-929A-D2E36ECD08AF}.Release|Any CPU.Build.0 = Release|Any CPU
		{947E5A1F-683D-46A4-99BA-54392525598B}.Debug|Any CPU.ActiveCfg = Debug|Any CPU
		{947E5A1F-683D-46A4-99BA-54392525598B}.Debug|Any CPU.Build.0 = Debug|Any CPU
		{947E5A1F-683D-46A4-99BA-54392525598B}.Release|Any CPU.ActiveCfg = Release|Any CPU
		{947E5A1F-683D-46A4-99BA-54392525598B}.Release|Any CPU.Build.0 = Release|Any CPU
	EndGlobalSection
	GlobalSection(SolutionProperties) = preSolution
		HideSolutionNode = FALSE
	EndGlobalSection
	GlobalSection(ExtensibilityGlobals) = postSolution
		SolutionGuid = {979814F3-BCA4-4F87-AE3B-BCD902F2F0BF}
	EndGlobalSection
EndGlobal
